
Microsoft Visual Studio Solution File, Format Version 12.00
# Visual Studio Version 17
VisualStudioVersion = 17.11.35303.130
MinimumVisualStudioVersion = 10.0.40219.1
Project("{FAE04EC0-301F-11D3-BF4B-00C04F79EFBC}") = "Rijschool", "Rijschool\Rijschool.csproj", "{D576D947-9574-46EE-86FB-6F05BA655DC9}"
EndProject
Global
	GlobalSection(SolutionConfigurationPlatforms) = preSolution
		Debug|Any CPU = Debug|Any CPU
		Release|Any CPU = Release|Any CPU
	EndGlobalSection
	GlobalSection(ProjectConfigurationPlatforms) = postSolution
		{D576D947-9574-46EE-86FB-6F05BA655DC9}.Debug|Any CPU.ActiveCfg = Debug|Any CPU
		{D576D947-9574-46EE-86FB-6F05BA655DC9}.Debug|Any CPU.Build.0 = Debug|Any CPU
		{D576D947-9574-46EE-86FB-6F05BA655DC9}.Release|Any CPU.ActiveCfg = Release|Any CPU
		{D576D947-9574-46EE-86FB-6F05BA655DC9}.Release|Any CPU.Build.0 = Release|Any CPU
	EndGlobalSection
	GlobalSection(SolutionProperties) = preSolution
		HideSolutionNode = FALSE
	EndGlobalSection
	GlobalSection(ExtensibilityGlobals) = postSolution
		SolutionGuid = {2A9DDF8A-A745-49B0-ACE1-CD01E9BECCE8}
	EndGlobalSection
EndGlobal
