
Microsoft Visual Studio Solution File, Format Version 12.00
# Visual Studio Version 17
VisualStudioVersion = 17.11.35303.130
MinimumVisualStudioVersion = 10.0.40219.1
Project("{FAE04EC0-301F-11D3-BF4B-00C04F79EFBC}") = "FileIo", "FileIo\FileIo.csproj", "{F6FD6A9D-E46B-4605-9AEE-183125B7541C}"
EndProject
Global
	GlobalSection(SolutionConfigurationPlatforms) = preSolution
		Debug|Any CPU = Debug|Any CPU
		Release|Any CPU = Release|Any CPU
	EndGlobalSection
	GlobalSection(ProjectConfigurationPlatforms) = postSolution
		{F6FD6A9D-E46B-4605-9AEE-183125B7541C}.Debug|Any CPU.ActiveCfg = Debug|Any CPU
		{F6FD6A9D-E46B-4605-9AEE-183125B7541C}.Debug|Any CPU.Build.0 = Debug|Any CPU
		{F6FD6A9D-E46B-4605-9AEE-183125B7541C}.Release|Any CPU.ActiveCfg = Release|Any CPU
		{F6FD6A9D-E46B-4605-9AEE-183125B7541C}.Release|Any CPU.Build.0 = Release|Any CPU
	EndGlobalSection
	GlobalSection(SolutionProperties) = preSolution
		HideSolutionNode = FALSE
	EndGlobalSection
	GlobalSection(ExtensibilityGlobals) = postSolution
		SolutionGuid = {FCB7D021-39FA-4301-9DF7-3C3CE111C104}
	EndGlobalSection
EndGlobal
